
Microsoft Visual Studio Solution File, Format Version 12.00
# Visual Studio Version 17
VisualStudioVersion = 17.14.36518.9 d17.14
MinimumVisualStudioVersion = 10.0.40219.1
Project("{FAE04EC0-301F-11D3-BF4B-00C04F79EFBC}") = "EmployeeDirectoryApp", "EmployeeDirectoryApp.csproj", "{9125FA66-38F1-43FC-B3F7-5AF6E0724056}"
EndProject
Global
	GlobalSection(SolutionConfigurationPlatforms) = preSolution
		Debug|Any CPU = Debug|Any CPU
		Release|Any CPU = Release|Any CPU
	EndGlobalSection
	GlobalSection(ProjectConfigurationPlatforms) = postSolution
		{9125FA66-38F1-43FC-B3F7-5AF6E0724056}.Debug|Any CPU.ActiveCfg = Debug|Any CPU
		{9125FA66-38F1-43FC-B3F7-5AF6E0724056}.Debug|Any CPU.Build.0 = Debug|Any CPU
		{9125FA66-38F1-43FC-B3F7-5AF6E0724056}.Release|Any CPU.ActiveCfg = Release|Any CPU
		{9125FA66-38F1-43FC-B3F7-5AF6E0724056}.Release|Any CPU.Build.0 = Release|Any CPU
	EndGlobalSection
	GlobalSection(SolutionProperties) = preSolution
		HideSolutionNode = FALSE
	EndGlobalSection
	GlobalSection(ExtensibilityGlobals) = postSolution
		SolutionGuid = {226FB722-11AB-4EEB-B7E4-24E15579BFDD}
	EndGlobalSection
EndGlobal
